{
  "name": "@restjohn/issues.transitive-optional-dep.app2",
  "version": "1.0.0",
  "lockfileVersion": 3,
  "requires": true,
  "packages": {
    "": {
      "name": "@restjohn/issues.transitive-optional-dep.app2",
      "version": "1.0.0",
      "license": "MIT",
      "dependencies": {
        "@restjohn/issues.transitive-optional-dep.lib1.lock": "^1.0.0"
      }
    },
    "node_modules/@restjohn/issues.transitive-optional-dep.lib1.lock": {
      "version": "1.0.0",
      "resolved": "https://registry.npmjs.org/@restjohn/issues.transitive-optional-dep.lib1.lock/-/issues.transitive-optional-dep.lib1.lock-1.0.0.tgz",
      "integrity": "sha512-bbG0s/rvLc69lcUOtLJWuTlS9N7KjMtOoU5qbnwWpYOTvv1icRQlG9+CtNlXZBFzgeYSO0p1uQsVUAyQzMu5Rw=="
    }
  }
}
